
Microsoft Visual Studio Solution File, Format Version 12.00
# Visual Studio Version 17
VisualStudioVersion = 17.6.33829.357
MinimumVisualStudioVersion = 10.0.40219.1
Project("{FAE04EC0-301F-11D3-BF4B-00C04F79EFBC}") = "Lab02", "Lab02\Lab02.csproj", "{EFEB532C-27D7-44BE-917D-820824927B18}"
EndProject
Project("{FAE04EC0-301F-11D3-BF4B-00C04F79EFBC}") = "Lab02_2", "Lab02_2\Lab02_2.csproj", "{8C245750-C833-4C25-9CB5-497B93751B88}"
EndProject
Project("{FAE04EC0-301F-11D3-BF4B-00C04F79EFBC}") = "Lab02_3", "Lab02_3\Lab02_3.csproj", "{A08F1004-7B99-43F3-9574-C458F3E90DC6}"
EndProject
Global
	GlobalSection(SolutionConfigurationPlatforms) = preSolution
		Debug|Any CPU = Debug|Any CPU
		Release|Any CPU = Release|Any CPU
	EndGlobalSection
	GlobalSection(ProjectConfigurationPlatforms) = postSolution
		{EFEB532C-27D7-44BE-917D-820824927B18}.Debug|Any CPU.ActiveCfg = Debug|Any CPU
		{EFEB532C-27D7-44BE-917D-820824927B18}.Debug|Any CPU.Build.0 = Debug|Any CPU
		{EFEB532C-27D7-44BE-917D-820824927B18}.Release|Any CPU.ActiveCfg = Release|Any CPU
		{EFEB532C-27D7-44BE-917D-820824927B18}.Release|Any CPU.Build.0 = Release|Any CPU
		{8C245750-C833-4C25-9CB5-497B93751B88}.Debug|Any CPU.ActiveCfg = Debug|Any CPU
		{8C245750-C833-4C25-9CB5-497B93751B88}.Debug|Any CPU.Build.0 = Debug|Any CPU
		{8C245750-C833-4C25-9CB5-497B93751B88}.Release|Any CPU.ActiveCfg = Release|Any CPU
		{8C245750-C833-4C25-9CB5-497B93751B88}.Release|Any CPU.Build.0 = Release|Any CPU
		{A08F1004-7B99-43F3-9574-C458F3E90DC6}.Debug|Any CPU.ActiveCfg = Debug|Any CPU
		{A08F1004-7B99-43F3-9574-C458F3E90DC6}.Debug|Any CPU.Build.0 = Debug|Any CPU
		{A08F1004-7B99-43F3-9574-C458F3E90DC6}.Release|Any CPU.ActiveCfg = Release|Any CPU
		{A08F1004-7B99-43F3-9574-C458F3E90DC6}.Release|Any CPU.Build.0 = Release|Any CPU
	EndGlobalSection
	GlobalSection(SolutionProperties) = preSolution
		HideSolutionNode = FALSE
	EndGlobalSection
	GlobalSection(ExtensibilityGlobals) = postSolution
		SolutionGuid = {F8D903D8-B21F-4C33-A1F9-E5F5E81A6E6A}
	EndGlobalSection
EndGlobal
