
Microsoft Visual Studio Solution File, Format Version 12.00
# Visual Studio Version 17
VisualStudioVersion = 17.6.33829.357
MinimumVisualStudioVersion = 10.0.40219.1
Project("{FAE04EC0-301F-11D3-BF4B-00C04F79EFBC}") = "ConsoleApp1", "ConsoleApp1\ConsoleApp1.csproj", "{43CB9D04-9B3D-4CF1-86F2-ADFD6D50716D}"
EndProject
Global
	GlobalSection(SolutionConfigurationPlatforms) = preSolution
		Debug|Any CPU = Debug|Any CPU
		Release|Any CPU = Release|Any CPU
	EndGlobalSection
	GlobalSection(ProjectConfigurationPlatforms) = postSolution
		{43CB9D04-9B3D-4CF1-86F2-ADFD6D50716D}.Debug|Any CPU.ActiveCfg = Debug|Any CPU
		{43CB9D04-9B3D-4CF1-86F2-ADFD6D50716D}.Debug|Any CPU.Build.0 = Debug|Any CPU
		{43CB9D04-9B3D-4CF1-86F2-ADFD6D50716D}.Release|Any CPU.ActiveCfg = Release|Any CPU
		{43CB9D04-9B3D-4CF1-86F2-ADFD6D50716D}.Release|Any CPU.Build.0 = Release|Any CPU
	EndGlobalSection
	GlobalSection(SolutionProperties) = preSolution
		HideSolutionNode = FALSE
	EndGlobalSection
	GlobalSection(ExtensibilityGlobals) = postSolution
		SolutionGuid = {E1CA3256-AB88-4DD7-9B7D-55EABBDDA1EC}
	EndGlobalSection
EndGlobal
